
Microsoft Visual Studio Solution File, Format Version 12.00
# Visual Studio Version 17
VisualStudioVersion = 17.8.34330.188
MinimumVisualStudioVersion = 10.0.40219.1
Project("{FAE04EC0-301F-11D3-BF4B-00C04F79EFBC}") = "Vòng 2", "Vòng 2.csproj", "{EA44B66B-2B52-47D4-82ED-3C9737D781CC}"
EndProject
Global
	GlobalSection(SolutionConfigurationPlatforms) = preSolution
		Debug|Any CPU = Debug|Any CPU
		Release|Any CPU = Release|Any CPU
	EndGlobalSection
	GlobalSection(ProjectConfigurationPlatforms) = postSolution
		{EA44B66B-2B52-47D4-82ED-3C9737D781CC}.Debug|Any CPU.ActiveCfg = Debug|Any CPU
		{EA44B66B-2B52-47D4-82ED-3C9737D781CC}.Debug|Any CPU.Build.0 = Debug|Any CPU
		{EA44B66B-2B52-47D4-82ED-3C9737D781CC}.Release|Any CPU.ActiveCfg = Release|Any CPU
		{EA44B66B-2B52-47D4-82ED-3C9737D781CC}.Release|Any CPU.Build.0 = Release|Any CPU
	EndGlobalSection
	GlobalSection(SolutionProperties) = preSolution
		HideSolutionNode = FALSE
	EndGlobalSection
	GlobalSection(ExtensibilityGlobals) = postSolution
		SolutionGuid = {90AFFA3A-0BAC-4BF4-98DE-CFC4AA467C7B}
	EndGlobalSection
EndGlobal
