
Microsoft Visual Studio Solution File, Format Version 12.00
# Visual Studio Version 17
VisualStudioVersion = 17.9.34723.18
MinimumVisualStudioVersion = 10.0.40219.1
Project("{FAE04EC0-301F-11D3-BF4B-00C04F79EFBC}") = "EndGame_OOP", "EndGame_OOP\EndGame_OOP.csproj", "{912E4135-59D2-4F59-9B4D-55D85F5296F9}"
EndProject
Global
	GlobalSection(SolutionConfigurationPlatforms) = preSolution
		Debug|Any CPU = Debug|Any CPU
		Release|Any CPU = Release|Any CPU
	EndGlobalSection
	GlobalSection(ProjectConfigurationPlatforms) = postSolution
		{912E4135-59D2-4F59-9B4D-55D85F5296F9}.Debug|Any CPU.ActiveCfg = Debug|Any CPU
		{912E4135-59D2-4F59-9B4D-55D85F5296F9}.Debug|Any CPU.Build.0 = Debug|Any CPU
		{912E4135-59D2-4F59-9B4D-55D85F5296F9}.Release|Any CPU.ActiveCfg = Release|Any CPU
		{912E4135-59D2-4F59-9B4D-55D85F5296F9}.Release|Any CPU.Build.0 = Release|Any CPU
	EndGlobalSection
	GlobalSection(SolutionProperties) = preSolution
		HideSolutionNode = FALSE
	EndGlobalSection
	GlobalSection(ExtensibilityGlobals) = postSolution
		SolutionGuid = {3C6AEA42-68E2-4BAD-92D8-67E8161F30A5}
	EndGlobalSection
EndGlobal
